
Microsoft Visual Studio Solution File, Format Version 12.00
# Visual Studio 15
VisualStudioVersion = 15.0.27428.2043
MinimumVisualStudioVersion = 10.0.40219.1
Project("{FAE04EC0-301F-11D3-BF4B-00C04F79EFBC}") = "WpfGetTest", "WpfGetTest\WpfGetTest.csproj", "{4DF15627-C76B-4DDC-89FE-9DC91FD6BB80}"
EndProject
Global
	GlobalSection(SolutionConfigurationPlatforms) = preSolution
		Debug|Any CPU = Debug|Any CPU
		Release|Any CPU = Release|Any CPU
	EndGlobalSection
	GlobalSection(ProjectConfigurationPlatforms) = postSolution
		{4DF15627-C76B-4DDC-89FE-9DC91FD6BB80}.Debug|Any CPU.ActiveCfg = Debug|Any CPU
		{4DF15627-C76B-4DDC-89FE-9DC91FD6BB80}.Debug|Any CPU.Build.0 = Debug|Any CPU
		{4DF15627-C76B-4DDC-89FE-9DC91FD6BB80}.Release|Any CPU.ActiveCfg = Release|Any CPU
		{4DF15627-C76B-4DDC-89FE-9DC91FD6BB80}.Release|Any CPU.Build.0 = Release|Any CPU
	EndGlobalSection
	GlobalSection(SolutionProperties) = preSolution
		HideSolutionNode = FALSE
	EndGlobalSection
	GlobalSection(ExtensibilityGlobals) = postSolution
		SolutionGuid = {48E19631-D78E-45D8-8A80-37734C109DD2}
	EndGlobalSection
EndGlobal
